Microsoft Visual Studio Solution File, Format Version 12.00
# Visual Studio Version 16
VisualStudioVersion = 16.0.29920.165
MinimumVisualStudioVersion = 15.0.26124.0

Project("{D954291E-2A0B-460D-934E-DC6B0785DB48}") = "HelloWorld.Shared", "HelloWorld.Shared\HelloWorld.Shared.shproj", "{6279C845-92F8-4333-AB99-3D213163593C}"
EndProject




Project("{9A19103F-16F7-4668-BE54-9A1E7A4F7556}") = "HelloWorld.Wasm", "HelloWorld.Wasm\HelloWorld.Wasm.csproj", "{40EA03F7-8A22-4143-B251-79BAC3EB13D2}"
EndProject


Project("{9A19103F-16F7-4668-BE54-9A1E7A4F7556}") = "HelloWorld.Skia.Gtk", "HelloWorld.Skia.Gtk\HelloWorld.Skia.Gtk.csproj", "{A5B8155A-118F-4794-B551-C6F3CF7E5411}"
EndProject

Project("{9A19103F-16F7-4668-BE54-9A1E7A4F7556}") = "HelloWorld.Skia.WPF", "HelloWorld.Skia.WPF\HelloWorld.Skia.WPF.csproj", "{83115772-68d8-47ec-a8ee-4587d576ddc4}"
EndProject
Project("{FAE04EC0-301F-11D3-BF4B-00C04F79EFBC}") = "HelloWorld.Wpf.Host", "HelloWorld.Skia.WPF.Host\HelloWorld.Wpf.Host.csproj", "{6CF284A4-22B1-4F05-97F4-F095C07A598E}"
EndProject

Global
	GlobalSection(SharedMSBuildProjectFiles) = preSolution
		HelloWorld.Shared\HelloWorld.Shared.projitems*{35037471-5c9c-4e11-aa62-0ea4a7dd5bc0}*SharedItemsImports = 4
		HelloWorld.Shared\HelloWorld.Shared.projitems*{efd39ecc-7956-4fef-a3db-01703506c0fd}*SharedItemsImports = 4
		HelloWorld.Shared\HelloWorld.Shared.projitems*{40ea03f7-8a22-4143-b251-79bac3eb13d2}*SharedItemsImports = 5
		HelloWorld.Shared\HelloWorld.Shared.projitems*{f3d0d53c-8e9f-4a84-a334-aedbd8ccfc54}*SharedItemsImports = 4
		HelloWorld.Shared\HelloWorld.Shared.projitems*{6279c845-92f8-4333-ab99-3d213163593c}*SharedItemsImports = 13
		HelloWorld.Shared\HelloWorld.Shared.projitems*{881bade5-0ac0-4236-a101-e7a5ade801a0}*SharedItemsImports = 4
	EndGlobalSection
	GlobalSection(SolutionConfigurationPlatforms) = preSolution
		Debug|Any CPU = Debug|Any CPU
		Debug|ARM = Debug|ARM
		Debug|ARM64 = Debug|ARM64
		Debug|iPhone = Debug|iPhone
		Debug|iPhoneSimulator = Debug|iPhoneSimulator
		Debug|x64 = Debug|x64
		Debug|x86 = Debug|x86
		Release|Any CPU = Release|Any CPU
		Release|ARM = Release|ARM
		Release|ARM64 = Release|ARM64
		Release|iPhone = Release|iPhone
		Release|iPhoneSimulator = Release|iPhoneSimulator
		Release|x64 = Release|x64
		Release|x86 = Release|x86
	EndGlobalSection
	GlobalSection(ProjectConfigurationPlatforms) = postSolution
		{35037471-5c9c-4e11-aa62-0ea4a7dd5bc0}.Debug|Any CPU.ActiveCfg = Debug|Any CPU
		{35037471-5c9c-4e11-aa62-0ea4a7dd5bc0}.Debug|Any CPU.Build.0 = Debug|Any CPU
		{35037471-5c9c-4e11-aa62-0ea4a7dd5bc0}.Debug|Any CPU.Deploy.0 = Debug|Any CPU
		{35037471-5c9c-4e11-aa62-0ea4a7dd5bc0}.Debug|ARM.ActiveCfg = Debug|Any CPU
		{35037471-5c9c-4e11-aa62-0ea4a7dd5bc0}.Debug|ARM.Build.0 = Debug|Any CPU
		{35037471-5c9c-4e11-aa62-0ea4a7dd5bc0}.Debug|ARM.Deploy.0 = Debug|Any CPU
		{35037471-5c9c-4e11-aa62-0ea4a7dd5bc0}.Debug|ARM64.ActiveCfg = Debug|Any CPU
		{35037471-5c9c-4e11-aa62-0ea4a7dd5bc0}.Debug|ARM64.Build.0 = Debug|Any CPU
		{35037471-5c9c-4e11-aa62-0ea4a7dd5bc0}.Debug|ARM64.Deploy.0 = Debug|Any CPU
		{35037471-5c9c-4e11-aa62-0ea4a7dd5bc0}.Debug|iPhone.ActiveCfg = Debug|Any CPU
		{35037471-5c9c-4e11-aa62-0ea4a7dd5bc0}.Debug|iPhone.Build.0 = Debug|Any CPU
		{35037471-5c9c-4e11-aa62-0ea4a7dd5bc0}.Debug|iPhone.Deploy.0 = Debug|Any CPU
		{35037471-5c9c-4e11-aa62-0ea4a7dd5bc0}.Debug|iPhoneSimulator.ActiveCfg = Debug|Any CPU
		{35037471-5c9c-4e11-aa62-0ea4a7dd5bc0}.Debug|iPhoneSimulator.Build.0 = Debug|Any CPU
		{35037471-5c9c-4e11-aa62-0ea4a7dd5bc0}.Debug|iPhoneSimulator.Deploy.0 = Debug|Any CPU
		{35037471-5c9c-4e11-aa62-0ea4a7dd5bc0}.Debug|x64.ActiveCfg = Debug|Any CPU
		{35037471-5c9c-4e11-aa62-0ea4a7dd5bc0}.Debug|x64.Build.0 = Debug|Any CPU
		{35037471-5c9c-4e11-aa62-0ea4a7dd5bc0}.Debug|x64.Deploy.0 = Debug|Any CPU
		{35037471-5c9c-4e11-aa62-0ea4a7dd5bc0}.Debug|x86.ActiveCfg = Debug|Any CPU
		{35037471-5c9c-4e11-aa62-0ea4a7dd5bc0}.Debug|x86.Build.0 = Debug|Any CPU
		{35037471-5c9c-4e11-aa62-0ea4a7dd5bc0}.Debug|x86.Deploy.0 = Debug|Any CPU
		{35037471-5c9c-4e11-aa62-0ea4a7dd5bc0}.Release|Any CPU.ActiveCfg = Release|Any CPU
		{35037471-5c9c-4e11-aa62-0ea4a7dd5bc0}.Release|Any CPU.Build.0 = Release|Any CPU
		{35037471-5c9c-4e11-aa62-0ea4a7dd5bc0}.Release|Any CPU.Deploy.0 = Release|Any CPU
		{35037471-5c9c-4e11-aa62-0ea4a7dd5bc0}.Release|ARM.ActiveCfg = Release|Any CPU
		{35037471-5c9c-4e11-aa62-0ea4a7dd5bc0}.Release|ARM.Build.0 = Release|Any CPU
		{35037471-5c9c-4e11-aa62-0ea4a7dd5bc0}.Release|ARM.Deploy.0 = Release|Any CPU
		{35037471-5c9c-4e11-aa62-0ea4a7dd5bc0}.Release|ARM64.ActiveCfg = Release|Any CPU
		{35037471-5c9c-4e11-aa62-0ea4a7dd5bc0}.Release|ARM64.Build.0 = Release|Any CPU
		{35037471-5c9c-4e11-aa62-0ea4a7dd5bc0}.Release|ARM64.Deploy.0 = Release|Any CPU
		{35037471-5c9c-4e11-aa62-0ea4a7dd5bc0}.Release|iPhone.ActiveCfg = Release|Any CPU
		{35037471-5c9c-4e11-aa62-0ea4a7dd5bc0}.Release|iPhone.Build.0 = Release|Any CPU
		{35037471-5c9c-4e11-aa62-0ea4a7dd5bc0}.Release|iPhone.Deploy.0 = Release|Any CPU
		{35037471-5c9c-4e11-aa62-0ea4a7dd5bc0}.Release|iPhoneSimulator.ActiveCfg = Release|Any CPU
		{35037471-5c9c-4e11-aa62-0ea4a7dd5bc0}.Release|iPhoneSimulator.Build.0 = Release|Any CPU
		{35037471-5c9c-4e11-aa62-0ea4a7dd5bc0}.Release|iPhoneSimulator.Deploy.0 = Release|Any CPU
		{35037471-5c9c-4e11-aa62-0ea4a7dd5bc0}.Release|x64.ActiveCfg = Release|Any CPU
		{35037471-5c9c-4e11-aa62-0ea4a7dd5bc0}.Release|x64.Build.0 = Release|Any CPU
		{35037471-5c9c-4e11-aa62-0ea4a7dd5bc0}.Release|x64.Deploy.0 = Release|Any CPU
		{35037471-5c9c-4e11-aa62-0ea4a7dd5bc0}.Release|x86.ActiveCfg = Release|Any CPU
		{35037471-5c9c-4e11-aa62-0ea4a7dd5bc0}.Release|x86.Build.0 = Release|Any CPU
		{35037471-5c9c-4e11-aa62-0ea4a7dd5bc0}.Release|x86.Deploy.0 = Release|Any CPU
		{f3d0d53c-8e9f-4a84-a334-aedbd8ccfc54}.Debug|Any CPU.ActiveCfg = Debug|iPhone
		{f3d0d53c-8e9f-4a84-a334-aedbd8ccfc54}.Debug|Any CPU.Build.0 = Debug|iPhone
		{f3d0d53c-8e9f-4a84-a334-aedbd8ccfc54}.Debug|Any CPU.Deploy.0 = Debug|iPhone
		{f3d0d53c-8e9f-4a84-a334-aedbd8ccfc54}.Debug|ARM.ActiveCfg = Debug|iPhone
		{f3d0d53c-8e9f-4a84-a334-aedbd8ccfc54}.Debug|ARM64.ActiveCfg = Debug|iPhone
		{f3d0d53c-8e9f-4a84-a334-aedbd8ccfc54}.Debug|iPhone.ActiveCfg = Debug|iPhone
		{f3d0d53c-8e9f-4a84-a334-aedbd8ccfc54}.Debug|iPhone.Build.0 = Debug|iPhone
		{f3d0d53c-8e9f-4a84-a334-aedbd8ccfc54}.Debug|iPhoneSimulator.ActiveCfg = Debug|iPhoneSimulator
		{f3d0d53c-8e9f-4a84-a334-aedbd8ccfc54}.Debug|iPhoneSimulator.Build.0 = Debug|iPhoneSimulator
		{f3d0d53c-8e9f-4a84-a334-aedbd8ccfc54}.Debug|x64.ActiveCfg = Debug|iPhone
		{f3d0d53c-8e9f-4a84-a334-aedbd8ccfc54}.Debug|x64.Build.0 = Debug|iPhone
		{f3d0d53c-8e9f-4a84-a334-aedbd8ccfc54}.Debug|x64.Deploy.0 = Debug|iPhone
		{f3d0d53c-8e9f-4a84-a334-aedbd8ccfc54}.Debug|x86.ActiveCfg = Debug|iPhoneSimulator
		{f3d0d53c-8e9f-4a84-a334-aedbd8ccfc54}.Debug|x86.Build.0 = Debug|iPhoneSimulator
		{f3d0d53c-8e9f-4a84-a334-aedbd8ccfc54}.Debug|x86.Deploy.0 = Debug|iPhoneSimulator
		{f3d0d53c-8e9f-4a84-a334-aedbd8ccfc54}.Release|Any CPU.ActiveCfg = Release|iPhone
		{f3d0d53c-8e9f-4a84-a334-aedbd8ccfc54}.Release|ARM.ActiveCfg = Release|iPhone
		{f3d0d53c-8e9f-4a84-a334-aedbd8ccfc54}.Release|ARM64.ActiveCfg = Release|iPhone
		{f3d0d53c-8e9f-4a84-a334-aedbd8ccfc54}.Release|iPhone.ActiveCfg = Release|iPhone
		{f3d0d53c-8e9f-4a84-a334-aedbd8ccfc54}.Release|iPhone.Build.0 = Release|iPhone
		{f3d0d53c-8e9f-4a84-a334-aedbd8ccfc54}.Release|iPhoneSimulator.ActiveCfg = Release|iPhoneSimulator
		{f3d0d53c-8e9f-4a84-a334-aedbd8ccfc54}.Release|iPhoneSimulator.Build.0 = Release|iPhoneSimulator
		{f3d0d53c-8e9f-4a84-a334-aedbd8ccfc54}.Release|x64.ActiveCfg = Release|iPhoneSimulator
		{f3d0d53c-8e9f-4a84-a334-aedbd8ccfc54}.Release|x64.Build.0 = Release|iPhoneSimulator
		{f3d0d53c-8e9f-4a84-a334-aedbd8ccfc54}.Release|x64.Deploy.0 = Release|iPhoneSimulator
		{f3d0d53c-8e9f-4a84-a334-aedbd8ccfc54}.Release|x86.ActiveCfg = Release|iPhoneSimulator
		{f3d0d53c-8e9f-4a84-a334-aedbd8ccfc54}.Release|x86.Build.0 = Release|iPhoneSimulator
		{881bade5-0ac0-4236-a101-e7a5ade801a0}.Debug|Any CPU.ActiveCfg = Debug|x86
		{881bade5-0ac0-4236-a101-e7a5ade801a0}.Debug|Any CPU.Build.0 = Debug|x86
		{881bade5-0ac0-4236-a101-e7a5ade801a0}.Debug|Any CPU.Deploy.0 = Debug|x86
		{881bade5-0ac0-4236-a101-e7a5ade801a0}.Debug|ARM.ActiveCfg = Debug|ARM
		{881bade5-0ac0-4236-a101-e7a5ade801a0}.Debug|ARM.Build.0 = Debug|ARM
		{881bade5-0ac0-4236-a101-e7a5ade801a0}.Debug|ARM.Deploy.0 = Debug|ARM
		{881bade5-0ac0-4236-a101-e7a5ade801a0}.Debug|ARM64.ActiveCfg = Debug|ARM64
		{881bade5-0ac0-4236-a101-e7a5ade801a0}.Debug|ARM64.Build.0 = Debug|ARM64
		{881bade5-0ac0-4236-a101-e7a5ade801a0}.Debug|ARM64.Deploy.0 = Debug|ARM64
		{881bade5-0ac0-4236-a101-e7a5ade801a0}.Debug|iPhone.ActiveCfg = Debug|x86
		{881bade5-0ac0-4236-a101-e7a5ade801a0}.Debug|iPhone.Build.0 = Debug|x86
		{881bade5-0ac0-4236-a101-e7a5ade801a0}.Debug|iPhone.Deploy.0 = Debug|x86
		{881bade5-0ac0-4236-a101-e7a5ade801a0}.Debug|iPhoneSimulator.ActiveCfg = Debug|x86
		{881bade5-0ac0-4236-a101-e7a5ade801a0}.Debug|iPhoneSimulator.Build.0 = Debug|x86
		{881bade5-0ac0-4236-a101-e7a5ade801a0}.Debug|iPhoneSimulator.Deploy.0 = Debug|x86
		{881bade5-0ac0-4236-a101-e7a5ade801a0}.Debug|x64.ActiveCfg = Debug|x64
		{881bade5-0ac0-4236-a101-e7a5ade801a0}.Debug|x64.Build.0 = Debug|x64
		{881bade5-0ac0-4236-a101-e7a5ade801a0}.Debug|x64.Deploy.0 = Debug|x64
		{881bade5-0ac0-4236-a101-e7a5ade801a0}.Debug|x86.ActiveCfg = Debug|x86
		{881bade5-0ac0-4236-a101-e7a5ade801a0}.Debug|x86.Build.0 = Debug|x86
		{881bade5-0ac0-4236-a101-e7a5ade801a0}.Debug|x86.Deploy.0 = Debug|x86
		{881bade5-0ac0-4236-a101-e7a5ade801a0}.Release|Any CPU.ActiveCfg = Release|x86
		{881bade5-0ac0-4236-a101-e7a5ade801a0}.Release|ARM.ActiveCfg = Release|ARM
		{881bade5-0ac0-4236-a101-e7a5ade801a0}.Release|ARM.Build.0 = Release|ARM
		{881bade5-0ac0-4236-a101-e7a5ade801a0}.Release|ARM.Deploy.0 = Release|ARM
		{881bade5-0ac0-4236-a101-e7a5ade801a0}.Release|ARM64.ActiveCfg = Release|ARM64
		{881bade5-0ac0-4236-a101-e7a5ade801a0}.Release|ARM64.Build.0 = Release|ARM64
		{881bade5-0ac0-4236-a101-e7a5ade801a0}.Release|ARM64.Deploy.0 = Release|ARM64
		{881bade5-0ac0-4236-a101-e7a5ade801a0}.Release|iPhone.ActiveCfg = Release|x86
		{881bade5-0ac0-4236-a101-e7a5ade801a0}.Release|iPhone.Build.0 = Release|x86
		{881bade5-0ac0-4236-a101-e7a5ade801a0}.Release|iPhoneSimulator.ActiveCfg = Release|x86
		{881bade5-0ac0-4236-a101-e7a5ade801a0}.Release|iPhoneSimulator.Build.0 = Release|x86
		{881bade5-0ac0-4236-a101-e7a5ade801a0}.Release|iPhoneSimulator.Deploy.0 = Release|x86
		{881bade5-0ac0-4236-a101-e7a5ade801a0}.Release|x64.ActiveCfg = Release|x64
		{881bade5-0ac0-4236-a101-e7a5ade801a0}.Release|x64.Build.0 = Release|x64
		{881bade5-0ac0-4236-a101-e7a5ade801a0}.Release|x64.Deploy.0 = Release|x64
		{881bade5-0ac0-4236-a101-e7a5ade801a0}.Release|x86.ActiveCfg = Release|x86
		{881bade5-0ac0-4236-a101-e7a5ade801a0}.Release|x86.Build.0 = Release|x86
		{881bade5-0ac0-4236-a101-e7a5ade801a0}.Release|x86.Deploy.0 = Release|x86
		{40EA03F7-8A22-4143-B251-79BAC3EB13D2}.Debug|Any CPU.ActiveCfg = Debug|Any CPU
		{40EA03F7-8A22-4143-B251-79BAC3EB13D2}.Debug|Any CPU.Build.0 = Debug|Any CPU
		{40EA03F7-8A22-4143-B251-79BAC3EB13D2}.Debug|ARM.ActiveCfg = Debug|Any CPU
		{40EA03F7-8A22-4143-B251-79BAC3EB13D2}.Debug|ARM.Build.0 = Debug|Any CPU
		{40EA03F7-8A22-4143-B251-79BAC3EB13D2}.Debug|ARM64.ActiveCfg = Debug|Any CPU
		{40EA03F7-8A22-4143-B251-79BAC3EB13D2}.Debug|ARM64.Build.0 = Debug|Any CPU
		{40EA03F7-8A22-4143-B251-79BAC3EB13D2}.Debug|iPhone.ActiveCfg = Debug|Any CPU
		{40EA03F7-8A22-4143-B251-79BAC3EB13D2}.Debug|iPhone.Build.0 = Debug|Any CPU
		{40EA03F7-8A22-4143-B251-79BAC3EB13D2}.Debug|iPhoneSimulator.ActiveCfg = Debug|Any CPU
		{40EA03F7-8A22-4143-B251-79BAC3EB13D2}.Debug|iPhoneSimulator.Build.0 = Debug|Any CPU
		{40EA03F7-8A22-4143-B251-79BAC3EB13D2}.Debug|x64.ActiveCfg = Debug|Any CPU
		{40EA03F7-8A22-4143-B251-79BAC3EB13D2}.Debug|x64.Build.0 = Debug|Any CPU
		{40EA03F7-8A22-4143-B251-79BAC3EB13D2}.Debug|x86.ActiveCfg = Debug|Any CPU
		{40EA03F7-8A22-4143-B251-79BAC3EB13D2}.Debug|x86.Build.0 = Debug|Any CPU
		{40EA03F7-8A22-4143-B251-79BAC3EB13D2}.Release|Any CPU.ActiveCfg = Release|Any CPU
		{40EA03F7-8A22-4143-B251-79BAC3EB13D2}.Release|Any CPU.Build.0 = Release|Any CPU
		{40EA03F7-8A22-4143-B251-79BAC3EB13D2}.Release|ARM.ActiveCfg = Release|Any CPU
		{40EA03F7-8A22-4143-B251-79BAC3EB13D2}.Release|ARM.Build.0 = Release|Any CPU
		{40EA03F7-8A22-4143-B251-79BAC3EB13D2}.Release|ARM64.ActiveCfg = Release|Any CPU
		{40EA03F7-8A22-4143-B251-79BAC3EB13D2}.Release|ARM64.Build.0 = Release|Any CPU
		{40EA03F7-8A22-4143-B251-79BAC3EB13D2}.Release|iPhone.ActiveCfg = Release|Any CPU
		{40EA03F7-8A22-4143-B251-79BAC3EB13D2}.Release|iPhone.Build.0 = Release|Any CPU
		{40EA03F7-8A22-4143-B251-79BAC3EB13D2}.Release|iPhoneSimulator.ActiveCfg = Release|Any CPU
		{40EA03F7-8A22-4143-B251-79BAC3EB13D2}.Release|iPhoneSimulator.Build.0 = Release|Any CPU
		{40EA03F7-8A22-4143-B251-79BAC3EB13D2}.Release|x64.ActiveCfg = Release|Any CPU
		{40EA03F7-8A22-4143-B251-79BAC3EB13D2}.Release|x64.Build.0 = Release|Any CPU
		{40EA03F7-8A22-4143-B251-79BAC3EB13D2}.Release|x86.ActiveCfg = Release|Any CPU
		{40EA03F7-8A22-4143-B251-79BAC3EB13D2}.Release|x86.Build.0 = Release|Any CPU
		{efd39ecc-7956-4fef-a3db-01703506c0fd}.Debug|Any CPU.ActiveCfg = Debug|iPhoneSimulator
		{efd39ecc-7956-4fef-a3db-01703506c0fd}.Debug|Any CPU.Build.0 = Debug|iPhoneSimulator
		{efd39ecc-7956-4fef-a3db-01703506c0fd}.Debug|ARM.ActiveCfg = Debug|iPhoneSimulator
		{efd39ecc-7956-4fef-a3db-01703506c0fd}.Debug|ARM64.ActiveCfg = Debug|iPhoneSimulator
		{efd39ecc-7956-4fef-a3db-01703506c0fd}.Debug|iPhone.ActiveCfg = Debug|iPhoneSimulator
		{efd39ecc-7956-4fef-a3db-01703506c0fd}.Debug|iPhone.Build.0 = Debug|iPhoneSimulator
		{efd39ecc-7956-4fef-a3db-01703506c0fd}.Debug|iPhoneSimulator.ActiveCfg = Debug|iPhoneSimulator
		{efd39ecc-7956-4fef-a3db-01703506c0fd}.Debug|iPhoneSimulator.Build.0 = Debug|iPhoneSimulator
		{efd39ecc-7956-4fef-a3db-01703506c0fd}.Debug|x64.ActiveCfg = Debug|iPhoneSimulator
		{efd39ecc-7956-4fef-a3db-01703506c0fd}.Debug|x64.Build.0 = Debug|iPhoneSimulator
		{efd39ecc-7956-4fef-a3db-01703506c0fd}.Debug|x86.ActiveCfg = Debug|iPhoneSimulator
		{efd39ecc-7956-4fef-a3db-01703506c0fd}.Debug|x86.Build.0 = Debug|iPhoneSimulator
		{efd39ecc-7956-4fef-a3db-01703506c0fd}.Release|Any CPU.ActiveCfg = Release|iPhoneSimulator
		{efd39ecc-7956-4fef-a3db-01703506c0fd}.Release|ARM.ActiveCfg = Release|iPhoneSimulator
		{efd39ecc-7956-4fef-a3db-01703506c0fd}.Release|ARM64.ActiveCfg = Release|iPhoneSimulator
		{efd39ecc-7956-4fef-a3db-01703506c0fd}.Release|iPhone.ActiveCfg = Release|iPhoneSimulator
		{efd39ecc-7956-4fef-a3db-01703506c0fd}.Release|iPhone.Build.0 = Release|iPhoneSimulator
		{efd39ecc-7956-4fef-a3db-01703506c0fd}.Release|iPhoneSimulator.ActiveCfg = Release|iPhoneSimulator
		{efd39ecc-7956-4fef-a3db-01703506c0fd}.Release|iPhoneSimulator.Build.0 = Release|iPhoneSimulator
		{efd39ecc-7956-4fef-a3db-01703506c0fd}.Release|x64.ActiveCfg = Release|iPhoneSimulator
		{efd39ecc-7956-4fef-a3db-01703506c0fd}.Release|x64.Build.0 = Release|iPhoneSimulator
		{efd39ecc-7956-4fef-a3db-01703506c0fd}.Release|x86.ActiveCfg = Release|iPhoneSimulator
		{efd39ecc-7956-4fef-a3db-01703506c0fd}.Release|x86.Build.0 = Release|iPhoneSimulator
	EndGlobalSection
	GlobalSection(SolutionProperties) = preSolution
		HideSolutionNode = FALSE
	EndGlobalSection
	GlobalSection(ExtensibilityGlobals) = postSolution
		SolutionGuid = {C7433AE2-B1A0-4C1A-887E-5CAA7AAF67A6}
	EndGlobalSection
EndGlobal
